
Microsoft Visual Studio Solution File, Format Version 12.00
# Visual Studio Version 16
VisualStudioVersion = 16.0.31105.61
MinimumVisualStudioVersion = 10.0.40219.1
Project("{FAE04EC0-301F-11D3-BF4B-00C04F79EFBC}") = "CompositePattern", "CompositePattern\CompositePattern.csproj", "{AC4A02DD-23BE-4CE9-86DE-77DB4ECE3E4B}"
EndProject
Global
	GlobalSection(SolutionConfigurationPlatforms) = preSolution
		Debug|Any CPU = Debug|Any CPU
		Release|Any CPU = Release|Any CPU
	EndGlobalSection
	GlobalSection(ProjectConfigurationPlatforms) = postSolution
		{AC4A02DD-23BE-4CE9-86DE-77DB4ECE3E4B}.Debug|Any CPU.ActiveCfg = Debug|Any CPU
		{AC4A02DD-23BE-4CE9-86DE-77DB4ECE3E4B}.Debug|Any CPU.Build.0 = Debug|Any CPU
		{AC4A02DD-23BE-4CE9-86DE-77DB4ECE3E4B}.Release|Any CPU.ActiveCfg = Release|Any CPU
		{AC4A02DD-23BE-4CE9-86DE-77DB4ECE3E4B}.Release|Any CPU.Build.0 = Release|Any CPU
	EndGlobalSection
	GlobalSection(SolutionProperties) = preSolution
		HideSolutionNode = FALSE
	EndGlobalSection
	GlobalSection(ExtensibilityGlobals) = postSolution
		SolutionGuid = {BDC64149-E278-4E30-B55B-592D0A72AF63}
	EndGlobalSection
EndGlobal
